// !$*UTF8*$!
{
	archiveVersion = 1;
	classes = {
	};
	objectVersion = 50;
	objects = {

/* Begin PBXBuildFile section */
		7C9D3E4122BD2A5A00B038AE /* AppDelegate.swift in Sources */ = {isa = PBXBuildFile; fileRef = 7C9D3E4022BD2A5A00B038AE /* AppDelegate.swift */; };
		7C9D3E4622BD2A5A00B038AE /* Main.storyboard in Resources */ = {isa = PBXBuildFile; fileRef = 7C9D3E4422BD2A5A00B038AE /* Main.storyboard */; };
		7C9D3E4922BD2A5A00B038AE /* Assessment_2.xcdatamodeld in Sources */ = {isa = PBXBuildFile; fileRef = 7C9D3E4722BD2A5A00B038AE /* Assessment_2.xcdatamodeld */; };
		7C9D3E4B22BD2A5B00B038AE /* Assets.xcassets in Resources */ = {isa = PBXBuildFile; fileRef = 7C9D3E4A22BD2A5B00B038AE /* Assets.xcassets */; };
		7C9D3E4E22BD2A5B00B038AE /* LaunchScreen.storyboard in Resources */ = {isa = PBXBuildFile; fileRef = 7C9D3E4C22BD2A5B00B038AE /* LaunchScreen.storyboard */; };
		7C9D3E5722BD2B2B00B038AE /* ItemController.swift in Sources */ = {isa = PBXBuildFile; fileRef = 7C9D3E5622BD2B2B00B038AE /* ItemController.swift */; };
		7C9D3E5A22BD2B6200B038AE /* CoreDataStack.swift in Sources */ = {isa = PBXBuildFile; fileRef = 7C9D3E5922BD2B6200B038AE /* CoreDataStack.swift */; };
		7C9D3E5C22BD2C3E00B038AE /* Item+Convenience.swift in Sources */ = {isa = PBXBuildFile; fileRef = 7C9D3E5B22BD2C3E00B038AE /* Item+Convenience.swift */; };
		7C9D3E5F22BD322900B038AE /* ItemListTableViewController.swift in Sources */ = {isa = PBXBuildFile; fileRef = 7C9D3E5E22BD322900B038AE /* ItemListTableViewController.swift */; };
		7C9D3E6322BD36A800B038AE /* ButtonTableViewCell.swift in Sources */ = {isa = PBXBuildFile; fileRef = 7C9D3E6222BD36A800B038AE /* ButtonTableViewCell.swift */; };
/* End PBXBuildFile section */

/* Begin PBXFileReference section */
		7C9D3E3D22BD2A5A00B038AE /* Assessment_2.app */ = {isa = PBXFileReference; explicitFileType = wrapper.application; includeInIndex = 0; path = Assessment_2.app; sourceTree = BUILT_PRODUCTS_DIR; };
		7C9D3E4022BD2A5A00B038AE /* AppDelegate.swift */ = {isa = PBXFileReference; lastKnownFileType = sourcecode.swift; path = AppDelegate.swift; sourceTree = "<group>"; };
		7C9D3E4522BD2A5A00B038AE /* Base */ = {isa = PBXFileReference; lastKnownFileType = file.storyboard; name = Base; path = Base.lproj/Main.storyboard; sourceTree = "<group>"; };
		7C9D3E4822BD2A5A00B038AE /* Assessment_2.xcdatamodel */ = {isa = PBXFileReference; lastKnownFileType = wrapper.xcdatamodel; path = Assessment_2.xcdatamodel; sourceTree = "<group>"; };
		7C9D3E4A22BD2A5B00B038AE /* Assets.xcassets */ = {isa = PBXFileReference; lastKnownFileType = folder.assetcatalog; path = Assets.xcassets; sourceTree = "<group>"; };
		7C9D3E4D22BD2A5B00B038AE /* Base */ = {isa = PBXFileReference; lastKnownFileType = file.storyboard; name = Base; path = Base.lproj/LaunchScreen.storyboard; sourceTree = "<group>"; };
		7C9D3E4F22BD2A5B00B038AE /* Info.plist */ = {isa = PBXFileReference; lastKnownFileType = text.plist.xml; path = Info.plist; sourceTree = "<group>"; };
		7C9D3E5622BD2B2B00B038AE /* ItemController.swift */ = {isa = PBXFileReference; lastKnownFileType = sourcecode.swift; path = ItemController.swift; sourceTree = "<group>"; };
		7C9D3E5922BD2B6200B038AE /* CoreDataStack.swift */ = {isa = PBXFileReference; lastKnownFileType = sourcecode.swift; path = CoreDataStack.swift; sourceTree = "<group>"; };
		7C9D3E5B22BD2C3E00B038AE /* Item+Convenience.swift */ = {isa = PBXFileReference; lastKnownFileType = sourcecode.swift; path = "Item+Convenience.swift"; sourceTree = "<group>"; };
		7C9D3E5E22BD322900B038AE /* ItemListTableViewController.swift */ = {isa = PBXFileReference; lastKnownFileType = sourcecode.swift; path = ItemListTableViewController.swift; sourceTree = "<group>"; };
		7C9D3E6222BD36A800B038AE /* ButtonTableViewCell.swift */ = {isa = PBXFileReference; lastKnownFileType = sourcecode.swift; path = ButtonTableViewCell.swift; sourceTree = "<group>"; };
/* End PBXFileReference section */

/* Begin PBXFrameworksBuildPhase section */
		7C9D3E3A22BD2A5A00B038AE /* Frameworks */ = {
			isa = PBXFrameworksBuildPhase;
			buildActionMask = 2147483647;
			files = (
			);
			runOnlyForDeploymentPostprocessing = 0;
		};
/* End PBXFrameworksBuildPhase section */

/* Begin PBXGroup section */
		7C9D3E3422BD2A5A00B038AE = {
			isa = PBXGroup;
			children = (
				7C9D3E3E22BD2A5A00B038AE /* Products */,
				7C9D3E3F22BD2A5A00B038AE /* Assessment_2 */,
			);
			sourceTree = "<group>";
		};
		7C9D3E3E22BD2A5A00B038AE /* Products */ = {
			isa = PBXGroup;
			children = (
				7C9D3E3D22BD2A5A00B038AE /* Assessment_2.app */,
			);
			name = Products;
			sourceTree = "<group>";
		};
		7C9D3E3F22BD2A5A00B038AE /* Assessment_2 */ = {
			isa = PBXGroup;
			children = (
				7C9D3E6422BD36B600B038AE /* Views */,
				7C9D3E5522BD2B1100B038AE /* Resources */,
				7C9D3E5D22BD2C9500B038AE /* Model */,
				7C9D3E6122BD32CC00B038AE /* Controllers */,
			);
			path = Assessment_2;
			sourceTree = "<group>";
		};
		7C9D3E5522BD2B1100B038AE /* Resources */ = {
			isa = PBXGroup;
			children = (
				7C9D3E4022BD2A5A00B038AE /* AppDelegate.swift */,
				7C9D3E4A22BD2A5B00B038AE /* Assets.xcassets */,
				7C9D3E4C22BD2A5B00B038AE /* LaunchScreen.storyboard */,
				7C9D3E4F22BD2A5B00B038AE /* Info.plist */,
			);
			path = Resources;
			sourceTree = "<group>";
		};
		7C9D3E5822BD2B3700B038AE /* Model Controller */ = {
			isa = PBXGroup;
			children = (
				7C9D3E5622BD2B2B00B038AE /* ItemController.swift */,
			);
			path = "Model Controller";
			sourceTree = "<group>";
		};
		7C9D3E5D22BD2C9500B038AE /* Model */ = {
			isa = PBXGroup;
			children = (
				7C9D3E4722BD2A5A00B038AE /* Assessment_2.xcdatamodeld */,
				7C9D3E5922BD2B6200B038AE /* CoreDataStack.swift */,
				7C9D3E5B22BD2C3E00B038AE /* Item+Convenience.swift */,
			);
			path = Model;
			sourceTree = "<group>";
		};
		7C9D3E6022BD32C000B038AE /* View Controller */ = {
			isa = PBXGroup;
			children = (
				7C9D3E5E22BD322900B038AE /* ItemListTableViewController.swift */,
			);
			path = "View Controller";
			sourceTree = "<group>";
		};
		7C9D3E6122BD32CC00B038AE /* Controllers */ = {
			isa = PBXGroup;
			children = (
				7C9D3E5822BD2B3700B038AE /* Model Controller */,
				7C9D3E6022BD32C000B038AE /* View Controller */,
			);
			path = Controllers;
			sourceTree = "<group>";
		};
		7C9D3E6422BD36B600B038AE /* Views */ = {
			isa = PBXGroup;
			children = (
				7C9D3E6222BD36A800B038AE /* ButtonTableViewCell.swift */,
				7C9D3E4422BD2A5A00B038AE /* Main.storyboard */,
			);
			path = Views;
			sourceTree = "<group>";
		};
/* End PBXGroup section */

/* Begin PBXNativeTarget section */
		7C9D3E3C22BD2A5A00B038AE /* Assessment_2 */ = {
			isa = PBXNativeTarget;
			buildConfigurationList = 7C9D3E5222BD2A5B00B038AE /* Build configuration list for PBXNativeTarget "Assessment_2" */;
			buildPhases = (
				7C9D3E3922BD2A5A00B038AE /* Sources */,
				7C9D3E3A22BD2A5A00B038AE /* Frameworks */,
				7C9D3E3B22BD2A5A00B038AE /* Resources */,
			);
			buildRules = (
			);
			dependencies = (
			);
			name = Assessment_2;
			productName = Assessment_2;
			productReference = 7C9D3E3D22BD2A5A00B038AE /* Assessment_2.app */;
			productType = "com.apple.product-type.application";
		};
/* End PBXNativeTarget section */

/* Begin PBXProject section */
		7C9D3E3522BD2A5A00B038AE /* Project object */ = {
			isa = PBXProject;
			attributes = {
				LastSwiftUpdateCheck = 1020;
				LastUpgradeCheck = 1020;
				ORGANIZATIONNAME = "Nic Gibson";
				TargetAttributes = {
					7C9D3E3C22BD2A5A00B038AE = {
						CreatedOnToolsVersion = 10.2.1;
					};
				};
			};
			buildConfigurationList = 7C9D3E3822BD2A5A00B038AE /* Build configuration list for PBXProject "Assessment_2" */;
			compatibilityVersion = "Xcode 9.3";
			developmentRegion = en;
			hasScannedForEncodings = 0;
			knownRegions = (
				en,
				Base,
			);
			mainGroup = 7C9D3E3422BD2A5A00B038AE;
			productRefGroup = 7C9D3E3E22BD2A5A00B038AE /* Products */;
			projectDirPath = "";
			projectRoot = "";
			targets = (
				7C9D3E3C22BD2A5A00B038AE /* Assessment_2 */,
			);
		};
/* End PBXProject section */

/* Begin PBXResourcesBuildPhase section */
		7C9D3E3B22BD2A5A00B038AE /* Resources */ = {
			isa = PBXResourcesBuildPhase;
			buildActionMask = 2147483647;
			files = (
				7C9D3E4E22BD2A5B00B038AE /* LaunchScreen.storyboard in Resources */,
				7C9D3E4B22BD2A5B00B038AE /* Assets.xcassets in Resources */,
				7C9D3E4622BD2A5A00B038AE /* Main.storyboard in Resources */,
			);
			runOnlyForDeploymentPostprocessing = 0;
		};
/* End PBXResourcesBuildPhase section */

/* Begin PBXSourcesBuildPhase section */
		7C9D3E3922BD2A5A00B038AE /* Sources */ = {
			isa = PBXSourcesBuildPhase;
			buildActionMask = 2147483647;
			files = (
				7C9D3E5A22BD2B6200B038AE /* CoreDataStack.swift in Sources */,
				7C9D3E5F22BD322900B038AE /* ItemListTableViewController.swift in Sources */,
				7C9D3E5C22BD2C3E00B038AE /* Item+Convenience.swift in Sources */,
				7C9D3E4922BD2A5A00B038AE /* Assessment_2.xcdatamodeld in Sources */,
				7C9D3E4122BD2A5A00B038AE /* AppDelegate.swift in Sources */,
				7C9D3E6322BD36A800B038AE /* ButtonTableViewCell.swift in Sources */,
				7C9D3E5722BD2B2B00B038AE /* ItemController.swift in Sources */,
			);
			runOnlyForDeploymentPostprocessing = 0;
		};
/* End PBXSourcesBuildPhase section */

/* Begin PBXVariantGroup section */
		7C9D3E4422BD2A5A00B038AE /* Main.storyboard */ = {
			isa = PBXVariantGroup;
			children = (
				7C9D3E4522BD2A5A00B038AE /* Base */,
			);
			name = Main.storyboard;
			sourceTree = "<group>";
		};
		7C9D3E4C22BD2A5B00B038AE /* LaunchScreen.storyboard */ = {
			isa = PBXVariantGroup;
			children = (
				7C9D3E4D22BD2A5B00B038AE /* Base */,
			);
			name = LaunchScreen.storyboard;
			sourceTree = "<group>";
		};
/* End PBXVariantGroup section */

/* Begin XCBuildConfiguration section */
		7C9D3E5022BD2A5B00B038AE /* Debug */ = {
			isa = XCBuildConfiguration;
			buildSettings = {
				ALWAYS_SEARCH_USER_PATHS = NO;
				CLANG_ANALYZER_NONNULL = YES;
				CLANG_ANALYZER_NUMBER_OBJECT_CONVERSION = YES_AGGRESSIVE;
				CLANG_CXX_LANGUAGE_STANDARD = "gnu++14";
				CLANG_CXX_LIBRARY = "libc++";
				CLANG_ENABLE_MODULES = YES;
				CLANG_ENABLE_OBJC_ARC = YES;
				CLANG_ENABLE_OBJC_WEAK = YES;
				CLANG_WARN_BLOCK_CAPTURE_AUTORELEASING = YES;
				CLANG_WARN_BOOL_CONVERSION = YES;
				CLANG_WARN_COMMA = YES;
				CLANG_WARN_CONSTANT_CONVERSION = YES;
				CLANG_WARN_DEPRECATED_OBJC_IMPLEMENTATIONS = YES;
				CLANG_WARN_DIRECT_OBJC_ISA_USAGE = YES_ERROR;
				CLANG_WARN_DOCUMENTATION_COMMENTS = YES;
				CLANG_WARN_EMPTY_BODY = YES;
				CLANG_WARN_ENUM_CONVERSION = YES;
				CLANG_WARN_INFINITE_RECURSION = YES;
				CLANG_WARN_INT_CONVERSION = YES;
				CLANG_WARN_NON_LITERAL_NULL_CONVERSION = YES;
				CLANG_WARN_OBJC_IMPLICIT_RETAIN_SELF = YES;
				CLANG_WARN_OBJC_LITERAL_CONVERSION = YES;
				CLANG_WARN_OBJC_ROOT_CLASS = YES_ERROR;
				CLANG_WARN_RANGE_LOOP_ANALYSIS = YES;
				CLANG_WARN_STRICT_PROTOTYPES = YES;
				CLANG_WARN_SUSPICIOUS_MOVE = YES;
				CLANG_WARN_UNGUARDED_AVAILABILITY = YES_AGGRESSIVE;
				CLANG_WARN_UNREACHABLE_CODE = YES;
				CLANG_WARN__DUPLICATE_METHOD_MATCH = YES;
				CODE_SIGN_IDENTITY = "iPhone Developer";
				COPY_PHASE_STRIP = NO;
				DEBUG_INFORMATION_FORMAT = dwarf;
				ENABLE_STRICT_OBJC_MSGSEND = YES;
				ENABLE_TESTABILITY = YES;
				GCC_C_LANGUAGE_STANDARD = gnu11;
				GCC_DYNAMIC_NO_PIC = NO;
				GCC_NO_COMMON_BLOCKS = YES;
				GCC_OPTIMIZATION_LEVEL = 0;
				GCC_PREPROCESSOR_DEFINITIONS = (
					"DEBUG=1",
					"$(inherited)",
				);
				GCC_WARN_64_TO_32_BIT_CONVERSION = YES;
				GCC_WARN_ABOUT_RETURN_TYPE = YES_ERROR;
				GCC_WARN_UNDECLARED_SELECTOR = YES;
				GCC_WARN_UNINITIALIZED_AUTOS = YES_AGGRESSIVE;
				GCC_WARN_UNUSED_FUNCTION = YES;
				GCC_WARN_UNUSED_VARIABLE = YES;
				IPHONEOS_DEPLOYMENT_TARGET = 12.2;
				MTL_ENABLE_DEBUG_INFO = INCLUDE_SOURCE;
				MTL_FAST_MATH = YES;
				ONLY_ACTIVE_ARCH = YES;
				SDKROOT = iphoneos;
				SWIFT_ACTIVE_COMPILATION_CONDITIONS = DEBUG;
				SWIFT_OPTIMIZATION_LEVEL = "-Onone";
			};
			name = Debug;
		};
		7C9D3E5122BD2A5B00B038AE /* Release */ = {
			isa = XCBuildConfiguration;
			buildSettings = {
				ALWAYS_SEARCH_USER_PATHS = NO;
				CLANG_ANALYZER_NONNULL = YES;
				CLANG_ANALYZER_NUMBER_OBJECT_CONVERSION = YES_AGGRESSIVE;
				CLANG_CXX_LANGUAGE_STANDARD = "gnu++14";
				CLANG_CXX_LIBRARY = "libc++";
				CLANG_ENABLE_MODULES = YES;
				CLANG_ENABLE_OBJC_ARC = YES;
				CLANG_ENABLE_OBJC_WEAK = YES;
				CLANG_WARN_BLOCK_CAPTURE_AUTORELEASING = YES;
				CLANG_WARN_BOOL_CONVERSION = YES;
				CLANG_WARN_COMMA = YES;
				CLANG_WARN_CONSTANT_CONVERSION = YES;
				CLANG_WARN_DEPRECATED_OBJC_IMPLEMENTATIONS = YES;
				CLANG_WARN_DIRECT_OBJC_ISA_USAGE = YES_ERROR;
				CLANG_WARN_DOCUMENTATION_COMMENTS = YES;
				CLANG_WARN_EMPTY_BODY = YES;
				CLANG_WARN_ENUM_CONVERSION = YES;
				CLANG_WARN_INFINITE_RECURSION = YES;
				CLANG_WARN_INT_CONVERSION = YES;
				CLANG_WARN_NON_LITERAL_NULL_CONVERSION = YES;
				CLANG_WARN_OBJC_IMPLICIT_RETAIN_SELF = YES;
				CLANG_WARN_OBJC_LITERAL_CONVERSION = YES;
				CLANG_WARN_OBJC_ROOT_CLASS = YES_ERROR;
				CLANG_WARN_RANGE_LOOP_ANALYSIS = YES;
				CLANG_WARN_STRICT_PROTOTYPES = YES;
				CLANG_WARN_SUSPICIOUS_MOVE = YES;
				CLANG_WARN_UNGUARDED_AVAILABILITY = YES_AGGRESSIVE;
				CLANG_WARN_UNREACHABLE_CODE = YES;
				CLANG_WARN__DUPLICATE_METHOD_MATCH = YES;
				CODE_SIGN_IDENTITY = "iPhone Developer";
				COPY_PHASE_STRIP = NO;
				DEBUG_INFORMATION_FORMAT = "dwarf-with-dsym";
				ENABLE_NS_ASSERTIONS = NO;
				ENABLE_STRICT_OBJC_MSGSEND = YES;
				GCC_C_LANGUAGE_STANDARD = gnu11;
				GCC_NO_COMMON_BLOCKS = YES;
				GCC_WARN_64_TO_32_BIT_CONVERSION = YES;
				GCC_WARN_ABOUT_RETURN_TYPE = YES_ERROR;
				GCC_WARN_UNDECLARED_SELECTOR = YES;
				GCC_WARN_UNINITIALIZED_AUTOS = YES_AGGRESSIVE;
				GCC_WARN_UNUSED_FUNCTION = YES;
				GCC_WARN_UNUSED_VARIABLE = YES;
				IPHONEOS_DEPLOYMENT_TARGET = 12.2;
				MTL_ENABLE_DEBUG_INFO = NO;
				MTL_FAST_MATH = YES;
				SDKROOT = iphoneos;
				SWIFT_COMPILATION_MODE = wholemodule;
				SWIFT_OPTIMIZATION_LEVEL = "-O";
				VALIDATE_PRODUCT = YES;
			};
			name = Release;
		};
		7C9D3E5322BD2A5B00B038AE /* Debug */ = {
			isa = XCBuildConfiguration;
			buildSettings = {
				ASSETCATALOG_COMPILER_APPICON_NAME = AppIcon;
				CODE_SIGN_STYLE = Automatic;
				DEVELOPMENT_TEAM = 2HLC2FMZN4;
				INFOPLIST_FILE = "$(SRCROOT)/Assessment_2/Resources/Info.plist";
				LD_RUNPATH_SEARCH_PATHS = (
					"$(inherited)",
					"@executable_path/Frameworks",
				);
				PRODUCT_BUNDLE_IDENTIFIER = "com.interactivesportsapps.Assessment-2";
				PRODUCT_NAME = "$(TARGET_NAME)";
				SWIFT_VERSION = 5.0;
				TARGETED_DEVICE_FAMILY = "1,2";
			};
			name = Debug;
		};
		7C9D3E5422BD2A5B00B038AE /* Release */ = {
			isa = XCBuildConfiguration;
			buildSettings = {
				ASSETCATALOG_COMPILER_APPICON_NAME = AppIcon;
				CODE_SIGN_STYLE = Automatic;
				DEVELOPMENT_TEAM = 2HLC2FMZN4;
				INFOPLIST_FILE = "$(SRCROOT)/Assessment_2/Resources/Info.plist";
				LD_RUNPATH_SEARCH_PATHS = (
					"$(inherited)",
					"@executable_path/Frameworks",
				);
				PRODUCT_BUNDLE_IDENTIFIER = "com.interactivesportsapps.Assessment-2";
				PRODUCT_NAME = "$(TARGET_NAME)";
				SWIFT_VERSION = 5.0;
				TARGETED_DEVICE_FAMILY = "1,2";
			};
			name = Release;
		};
/* End XCBuildConfiguration section */

/* Begin XCConfigurationList section */
		7C9D3E3822BD2A5A00B038AE /* Build configuration list for PBXProject "Assessment_2" */ = {
			isa = XCConfigurationList;
			buildConfigurations = (
				7C9D3E5022BD2A5B00B038AE /* Debug */,
				7C9D3E5122BD2A5B00B038AE /* Release */,
			);
			defaultConfigurationIsVisible = 0;
			defaultConfigurationName = Release;
		};
		7C9D3E5222BD2A5B00B038AE /* Build configuration list for PBXNativeTarget "Assessment_2" */ = {
			isa = XCConfigurationList;
			buildConfigurations = (
				7C9D3E5322BD2A5B00B038AE /* Debug */,
				7C9D3E5422BD2A5B00B038AE /* Release */,
			);
			defaultConfigurationIsVisible = 0;
			defaultConfigurationName = Release;
		};
/* End XCConfigurationList section */

/* Begin XCVersionGroup section */
		7C9D3E4722BD2A5A00B038AE /* Assessment_2.xcdatamodeld */ = {
			isa = XCVersionGroup;
			children = (
				7C9D3E4822BD2A5A00B038AE /* Assessment_2.xcdatamodel */,
			);
			currentVersion = 7C9D3E4822BD2A5A00B038AE /* Assessment_2.xcdatamodel */;
			path = Assessment_2.xcdatamodeld;
			sourceTree = "<group>";
			versionGroupType = wrapper.xcdatamodel;
		};
/* End XCVersionGroup section */
	};
	rootObject = 7C9D3E3522BD2A5A00B038AE /* Project object */;
}
